
Microsoft Visual Studio Solution File, Format Version 12.00
# Visual Studio 2012
Project("{FAE04EC0-301F-11D3-BF4B-00C04F79EFBC}") = "clientside", "clientside\clientside.csproj", "{4A68240C-05E7-4703-93CD-728556883F4B}"
EndProject
Global
	GlobalSection(SolutionConfigurationPlatforms) = preSolution
		Debug|x86 = Debug|x86
		Release|x86 = Release|x86
	EndGlobalSection
	GlobalSection(ProjectConfigurationPlatforms) = postSolution
		{4A68240C-05E7-4703-93CD-728556883F4B}.Debug|x86.ActiveCfg = Debug|x86
		{4A68240C-05E7-4703-93CD-728556883F4B}.Debug|x86.Build.0 = Debug|x86
		{4A68240C-05E7-4703-93CD-728556883F4B}.Release|x86.ActiveCfg = Release|x86
		{4A68240C-05E7-4703-93CD-728556883F4B}.Release|x86.Build.0 = Release|x86
	EndGlobalSection
EndGlobal
